
Microsoft Visual Studio Solution File, Format Version 12.00
# Visual Studio Version 16
VisualStudioVersion = 16.0.32428.217
MinimumVisualStudioVersion = 10.0.40219.1
Project("{FAE04EC0-301F-11D3-BF4B-00C04F79EFBC}") = "Task1", "Task1\Task1.csproj", "{09117F36-B417-4518-BA3C-017E8BD1EBF6}"
EndProject
Project("{FAE04EC0-301F-11D3-BF4B-00C04F79EFBC}") = "Task2", "Task2\Task2.csproj", "{C3F98E2C-3798-4F72-A332-FC8A9AB52714}"
EndProject
Project("{FAE04EC0-301F-11D3-BF4B-00C04F79EFBC}") = "Task3", "Task3\Task3.csproj", "{9E87CD4D-B20C-4063-89D9-391EFFCCBF73}"
EndProject
Project("{FAE04EC0-301F-11D3-BF4B-00C04F79EFBC}") = "Task4", "Task4\Task4.csproj", "{18C5A431-B279-4983-A8F0-BD2F70C3B768}"
EndProject
Project("{FAE04EC0-301F-11D3-BF4B-00C04F79EFBC}") = "Task5", "Task6\Task5.csproj", "{1148B44E-0C54-4C7B-80DC-8A02E4956B0B}"
EndProject
Global
	GlobalSection(SolutionConfigurationPlatforms) = preSolution
		Debug|Any CPU = Debug|Any CPU
		Release|Any CPU = Release|Any CPU
	EndGlobalSection
	GlobalSection(ProjectConfigurationPlatforms) = postSolution
		{09117F36-B417-4518-BA3C-017E8BD1EBF6}.Debug|Any CPU.ActiveCfg = Debug|Any CPU
		{09117F36-B417-4518-BA3C-017E8BD1EBF6}.Debug|Any CPU.Build.0 = Debug|Any CPU
		{09117F36-B417-4518-BA3C-017E8BD1EBF6}.Release|Any CPU.ActiveCfg = Release|Any CPU
		{09117F36-B417-4518-BA3C-017E8BD1EBF6}.Release|Any CPU.Build.0 = Release|Any CPU
		{C3F98E2C-3798-4F72-A332-FC8A9AB52714}.Debug|Any CPU.ActiveCfg = Debug|Any CPU
		{C3F98E2C-3798-4F72-A332-FC8A9AB52714}.Debug|Any CPU.Build.0 = Debug|Any CPU
		{C3F98E2C-3798-4F72-A332-FC8A9AB52714}.Release|Any CPU.ActiveCfg = Release|Any CPU
		{C3F98E2C-3798-4F72-A332-FC8A9AB52714}.Release|Any CPU.Build.0 = Release|Any CPU
		{9E87CD4D-B20C-4063-89D9-391EFFCCBF73}.Debug|Any CPU.ActiveCfg = Debug|Any CPU
		{9E87CD4D-B20C-4063-89D9-391EFFCCBF73}.Debug|Any CPU.Build.0 = Debug|Any CPU
		{9E87CD4D-B20C-4063-89D9-391EFFCCBF73}.Release|Any CPU.ActiveCfg = Release|Any CPU
		{9E87CD4D-B20C-4063-89D9-391EFFCCBF73}.Release|Any CPU.Build.0 = Release|Any CPU
		{18C5A431-B279-4983-A8F0-BD2F70C3B768}.Debug|Any CPU.ActiveCfg = Debug|Any CPU
		{18C5A431-B279-4983-A8F0-BD2F70C3B768}.Debug|Any CPU.Build.0 = Debug|Any CPU
		{18C5A431-B279-4983-A8F0-BD2F70C3B768}.Release|Any CPU.ActiveCfg = Release|Any CPU
		{18C5A431-B279-4983-A8F0-BD2F70C3B768}.Release|Any CPU.Build.0 = Release|Any CPU
		{1148B44E-0C54-4C7B-80DC-8A02E4956B0B}.Debug|Any CPU.ActiveCfg = Debug|Any CPU
		{1148B44E-0C54-4C7B-80DC-8A02E4956B0B}.Debug|Any CPU.Build.0 = Debug|Any CPU
		{1148B44E-0C54-4C7B-80DC-8A02E4956B0B}.Release|Any CPU.ActiveCfg = Release|Any CPU
		{1148B44E-0C54-4C7B-80DC-8A02E4956B0B}.Release|Any CPU.Build.0 = Release|Any CPU
	EndGlobalSection
	GlobalSection(SolutionProperties) = preSolution
		HideSolutionNode = FALSE
	EndGlobalSection
	GlobalSection(ExtensibilityGlobals) = postSolution
		SolutionGuid = {06CCB429-2D8E-4B93-BB92-655C15342A4E}
	EndGlobalSection
EndGlobal
