
Microsoft Visual Studio Solution File, Format Version 12.00
# Visual Studio Version 16
VisualStudioVersion = 16.0.32428.217
MinimumVisualStudioVersion = 10.0.40219.1
Project("{FAE04EC0-301F-11D3-BF4B-00C04F79EFBC}") = "Task1", "Task1\Task1.csproj", "{7EC798F6-4460-475C-ADCD-D92BF3B6731C}"
EndProject
Project("{FAE04EC0-301F-11D3-BF4B-00C04F79EFBC}") = "Task2", "Task2\Task2.csproj", "{2A6001EA-CCB8-4056-AA10-7EB6CFE8A8DB}"
EndProject
Project("{FAE04EC0-301F-11D3-BF4B-00C04F79EFBC}") = "Task3", "Task3\Task3.csproj", "{3AF232E9-764A-4DF2-A80E-85F8A9D86454}"
EndProject
Project("{FAE04EC0-301F-11D3-BF4B-00C04F79EFBC}") = "Task4", "Task4\Task4.csproj", "{F8D0D240-8867-4593-B863-8FC4DCC8247A}"
EndProject
Project("{FAE04EC0-301F-11D3-BF4B-00C04F79EFBC}") = "Task5", "Task5\Task5.csproj", "{266A6824-6B10-47E9-954B-1C5A16221E53}"
EndProject
Global
	GlobalSection(SolutionConfigurationPlatforms) = preSolution
		Debug|Any CPU = Debug|Any CPU
		Release|Any CPU = Release|Any CPU
	EndGlobalSection
	GlobalSection(ProjectConfigurationPlatforms) = postSolution
		{7EC798F6-4460-475C-ADCD-D92BF3B6731C}.Debug|Any CPU.ActiveCfg = Debug|Any CPU
		{7EC798F6-4460-475C-ADCD-D92BF3B6731C}.Debug|Any CPU.Build.0 = Debug|Any CPU
		{7EC798F6-4460-475C-ADCD-D92BF3B6731C}.Release|Any CPU.ActiveCfg = Release|Any CPU
		{7EC798F6-4460-475C-ADCD-D92BF3B6731C}.Release|Any CPU.Build.0 = Release|Any CPU
		{2A6001EA-CCB8-4056-AA10-7EB6CFE8A8DB}.Debug|Any CPU.ActiveCfg = Debug|Any CPU
		{2A6001EA-CCB8-4056-AA10-7EB6CFE8A8DB}.Debug|Any CPU.Build.0 = Debug|Any CPU
		{2A6001EA-CCB8-4056-AA10-7EB6CFE8A8DB}.Release|Any CPU.ActiveCfg = Release|Any CPU
		{2A6001EA-CCB8-4056-AA10-7EB6CFE8A8DB}.Release|Any CPU.Build.0 = Release|Any CPU
		{3AF232E9-764A-4DF2-A80E-85F8A9D86454}.Debug|Any CPU.ActiveCfg = Debug|Any CPU
		{3AF232E9-764A-4DF2-A80E-85F8A9D86454}.Debug|Any CPU.Build.0 = Debug|Any CPU
		{3AF232E9-764A-4DF2-A80E-85F8A9D86454}.Release|Any CPU.ActiveCfg = Release|Any CPU
		{3AF232E9-764A-4DF2-A80E-85F8A9D86454}.Release|Any CPU.Build.0 = Release|Any CPU
		{F8D0D240-8867-4593-B863-8FC4DCC8247A}.Debug|Any CPU.ActiveCfg = Debug|Any CPU
		{F8D0D240-8867-4593-B863-8FC4DCC8247A}.Debug|Any CPU.Build.0 = Debug|Any CPU
		{F8D0D240-8867-4593-B863-8FC4DCC8247A}.Release|Any CPU.ActiveCfg = Release|Any CPU
		{F8D0D240-8867-4593-B863-8FC4DCC8247A}.Release|Any CPU.Build.0 = Release|Any CPU
		{266A6824-6B10-47E9-954B-1C5A16221E53}.Debug|Any CPU.ActiveCfg = Debug|Any CPU
		{266A6824-6B10-47E9-954B-1C5A16221E53}.Debug|Any CPU.Build.0 = Debug|Any CPU
		{266A6824-6B10-47E9-954B-1C5A16221E53}.Release|Any CPU.ActiveCfg = Release|Any CPU
		{266A6824-6B10-47E9-954B-1C5A16221E53}.Release|Any CPU.Build.0 = Release|Any CPU
	EndGlobalSection
	GlobalSection(SolutionProperties) = preSolution
		HideSolutionNode = FALSE
	EndGlobalSection
	GlobalSection(ExtensibilityGlobals) = postSolution
		SolutionGuid = {9D7DDDAB-0614-47D3-A570-74DFAE775E29}
	EndGlobalSection
EndGlobal
