
Microsoft Visual Studio Solution File, Format Version 12.00
# Visual Studio Version 16
VisualStudioVersion = 16.0.32428.217
MinimumVisualStudioVersion = 10.0.40219.1
Project("{FAE04EC0-301F-11D3-BF4B-00C04F79EFBC}") = "Task1", "Tast1\Task1.csproj", "{8EDC46BF-66DC-421F-B610-B184BCA2D0BA}"
EndProject
Project("{FAE04EC0-301F-11D3-BF4B-00C04F79EFBC}") = "Task2", "Task2\Task2.csproj", "{959DFAB4-ED70-403C-A643-3C86958BE1A1}"
EndProject
Project("{FAE04EC0-301F-11D3-BF4B-00C04F79EFBC}") = "Task3", "Task3\Task3.csproj", "{0EBF22B4-A13A-4AFF-BA80-A117F8ACA83C}"
EndProject
Global
	GlobalSection(SolutionConfigurationPlatforms) = preSolution
		Debug|Any CPU = Debug|Any CPU
		Release|Any CPU = Release|Any CPU
	EndGlobalSection
	GlobalSection(ProjectConfigurationPlatforms) = postSolution
		{8EDC46BF-66DC-421F-B610-B184BCA2D0BA}.Debug|Any CPU.ActiveCfg = Debug|Any CPU
		{8EDC46BF-66DC-421F-B610-B184BCA2D0BA}.Debug|Any CPU.Build.0 = Debug|Any CPU
		{8EDC46BF-66DC-421F-B610-B184BCA2D0BA}.Release|Any CPU.ActiveCfg = Release|Any CPU
		{8EDC46BF-66DC-421F-B610-B184BCA2D0BA}.Release|Any CPU.Build.0 = Release|Any CPU
		{959DFAB4-ED70-403C-A643-3C86958BE1A1}.Debug|Any CPU.ActiveCfg = Debug|Any CPU
		{959DFAB4-ED70-403C-A643-3C86958BE1A1}.Debug|Any CPU.Build.0 = Debug|Any CPU
		{959DFAB4-ED70-403C-A643-3C86958BE1A1}.Release|Any CPU.ActiveCfg = Release|Any CPU
		{959DFAB4-ED70-403C-A643-3C86958BE1A1}.Release|Any CPU.Build.0 = Release|Any CPU
		{0EBF22B4-A13A-4AFF-BA80-A117F8ACA83C}.Debug|Any CPU.ActiveCfg = Debug|Any CPU
		{0EBF22B4-A13A-4AFF-BA80-A117F8ACA83C}.Debug|Any CPU.Build.0 = Debug|Any CPU
		{0EBF22B4-A13A-4AFF-BA80-A117F8ACA83C}.Release|Any CPU.ActiveCfg = Release|Any CPU
		{0EBF22B4-A13A-4AFF-BA80-A117F8ACA83C}.Release|Any CPU.Build.0 = Release|Any CPU
	EndGlobalSection
	GlobalSection(SolutionProperties) = preSolution
		HideSolutionNode = FALSE
	EndGlobalSection
	GlobalSection(ExtensibilityGlobals) = postSolution
		SolutionGuid = {A73E496C-DB10-46C9-8E94-F558CDF39299}
	EndGlobalSection
EndGlobal
