
Microsoft Visual Studio Solution File, Format Version 12.00
# Visual Studio Version 16
VisualStudioVersion = 16.0.32428.217
MinimumVisualStudioVersion = 10.0.40219.1
Project("{FAE04EC0-301F-11D3-BF4B-00C04F79EFBC}") = "Task1", "Task1\Task1.csproj", "{ED81B089-A6D9-4664-B5F4-C3D1CA60D4B4}"
EndProject
Global
	GlobalSection(SolutionConfigurationPlatforms) = preSolution
		Debug|Any CPU = Debug|Any CPU
		Release|Any CPU = Release|Any CPU
	EndGlobalSection
	GlobalSection(ProjectConfigurationPlatforms) = postSolution
		{ED81B089-A6D9-4664-B5F4-C3D1CA60D4B4}.Debug|Any CPU.ActiveCfg = Debug|Any CPU
		{ED81B089-A6D9-4664-B5F4-C3D1CA60D4B4}.Debug|Any CPU.Build.0 = Debug|Any CPU
		{ED81B089-A6D9-4664-B5F4-C3D1CA60D4B4}.Release|Any CPU.ActiveCfg = Release|Any CPU
		{ED81B089-A6D9-4664-B5F4-C3D1CA60D4B4}.Release|Any CPU.Build.0 = Release|Any CPU
	EndGlobalSection
	GlobalSection(SolutionProperties) = preSolution
		HideSolutionNode = FALSE
	EndGlobalSection
	GlobalSection(ExtensibilityGlobals) = postSolution
		SolutionGuid = {5DCB5161-3E7B-4083-86A4-CF89E8FBBEA8}
	EndGlobalSection
EndGlobal
