
Microsoft Visual Studio Solution File, Format Version 12.00
# Visual Studio Version 16
VisualStudioVersion = 16.0.32428.217
MinimumVisualStudioVersion = 10.0.40219.1
Project("{FAE04EC0-301F-11D3-BF4B-00C04F79EFBC}") = "task1", "task1\task1.csproj", "{D0D43D28-BBE6-4850-942E-06F2C027DE38}"
EndProject
Project("{FAE04EC0-301F-11D3-BF4B-00C04F79EFBC}") = "Task2", "Task2\Task2.csproj", "{6A7B2991-6373-4590-B965-F6E9D0FA6775}"
EndProject
Global
	GlobalSection(SolutionConfigurationPlatforms) = preSolution
		Debug|Any CPU = Debug|Any CPU
		Release|Any CPU = Release|Any CPU
	EndGlobalSection
	GlobalSection(ProjectConfigurationPlatforms) = postSolution
		{D0D43D28-BBE6-4850-942E-06F2C027DE38}.Debug|Any CPU.ActiveCfg = Debug|Any CPU
		{D0D43D28-BBE6-4850-942E-06F2C027DE38}.Debug|Any CPU.Build.0 = Debug|Any CPU
		{D0D43D28-BBE6-4850-942E-06F2C027DE38}.Release|Any CPU.ActiveCfg = Release|Any CPU
		{D0D43D28-BBE6-4850-942E-06F2C027DE38}.Release|Any CPU.Build.0 = Release|Any CPU
		{6A7B2991-6373-4590-B965-F6E9D0FA6775}.Debug|Any CPU.ActiveCfg = Debug|Any CPU
		{6A7B2991-6373-4590-B965-F6E9D0FA6775}.Debug|Any CPU.Build.0 = Debug|Any CPU
		{6A7B2991-6373-4590-B965-F6E9D0FA6775}.Release|Any CPU.ActiveCfg = Release|Any CPU
		{6A7B2991-6373-4590-B965-F6E9D0FA6775}.Release|Any CPU.Build.0 = Release|Any CPU
	EndGlobalSection
	GlobalSection(SolutionProperties) = preSolution
		HideSolutionNode = FALSE
	EndGlobalSection
	GlobalSection(ExtensibilityGlobals) = postSolution
		SolutionGuid = {8E705DDA-9A7F-49A1-B646-D18951C3391E}
	EndGlobalSection
EndGlobal
